
Microsoft Visual Studio Solution File, Format Version 12.00
# Visual Studio Version 16
VisualStudioVersion = 16.0.30011.22
MinimumVisualStudioVersion = 10.0.40219.1
Project("{FAE04EC0-301F-11D3-BF4B-00C04F79EFBC}") = "Connecting", "FanucFocasTutorial\Connecting.csproj", "{6193BC0B-3E40-406F-B932-4B1D6DDD4169}"
EndProject
Global
	GlobalSection(SolutionConfigurationPlatforms) = preSolution
		Debug|Any CPU = Debug|Any CPU
		Release|Any CPU = Release|Any CPU
	EndGlobalSection
	GlobalSection(ProjectConfigurationPlatforms) = postSolution
		{6193BC0B-3E40-406F-B932-4B1D6DDD4169}.Debug|Any CPU.ActiveCfg = Debug|Any CPU
		{6193BC0B-3E40-406F-B932-4B1D6DDD4169}.Debug|Any CPU.Build.0 = Debug|Any CPU
		{6193BC0B-3E40-406F-B932-4B1D6DDD4169}.Release|Any CPU.ActiveCfg = Release|Any CPU
		{6193BC0B-3E40-406F-B932-4B1D6DDD4169}.Release|Any CPU.Build.0 = Release|Any CPU
	EndGlobalSection
	GlobalSection(SolutionProperties) = preSolution
		HideSolutionNode = FALSE
	EndGlobalSection
	GlobalSection(ExtensibilityGlobals) = postSolution
		SolutionGuid = {0C2DDE26-6452-4E47-907B-95CE0E8A291F}
	EndGlobalSection
EndGlobal
